
Microsoft Visual Studio Solution File, Format Version 12.00
# Visual Studio Version 17
VisualStudioVersion = 17.5.33516.290
MinimumVisualStudioVersion = 10.0.40219.1
Project("{9A19103F-16F7-4668-BE54-9A1E7A4F7556}") = "ClassLibrary", "BibliotecaDeClases\ClassLibrary.csproj", "{5EE07753-E279-42D1-874F-782114F87563}"
EndProject
Project("{9A19103F-16F7-4668-BE54-9A1E7A4F7556}") = "Ejercicio_1", "Ejercicio_1\Ejercicio_1.csproj", "{9C2DB6B6-BA7F-482D-97EE-D486460B02A3}"
EndProject
Project("{FAE04EC0-301F-11D3-BF4B-00C04F79EFBC}") = "Ejercicio_2", "Ejercicio_2\Ejercicio_2.csproj", "{9B27EAB1-5761-4E2D-8611-45E94170CC89}"
EndProject
Global
	GlobalSection(SolutionConfigurationPlatforms) = preSolution
		Debug|Any CPU = Debug|Any CPU
		Release|Any CPU = Release|Any CPU
	EndGlobalSection
	GlobalSection(ProjectConfigurationPlatforms) = postSolution
		{5EE07753-E279-42D1-874F-782114F87563}.Debug|Any CPU.ActiveCfg = Debug|Any CPU
		{5EE07753-E279-42D1-874F-782114F87563}.Debug|Any CPU.Build.0 = Debug|Any CPU
		{5EE07753-E279-42D1-874F-782114F87563}.Release|Any CPU.ActiveCfg = Release|Any CPU
		{5EE07753-E279-42D1-874F-782114F87563}.Release|Any CPU.Build.0 = Release|Any CPU
		{9C2DB6B6-BA7F-482D-97EE-D486460B02A3}.Debug|Any CPU.ActiveCfg = Debug|Any CPU
		{9C2DB6B6-BA7F-482D-97EE-D486460B02A3}.Debug|Any CPU.Build.0 = Debug|Any CPU
		{9C2DB6B6-BA7F-482D-97EE-D486460B02A3}.Release|Any CPU.ActiveCfg = Release|Any CPU
		{9C2DB6B6-BA7F-482D-97EE-D486460B02A3}.Release|Any CPU.Build.0 = Release|Any CPU
		{9B27EAB1-5761-4E2D-8611-45E94170CC89}.Debug|Any CPU.ActiveCfg = Debug|Any CPU
		{9B27EAB1-5761-4E2D-8611-45E94170CC89}.Debug|Any CPU.Build.0 = Debug|Any CPU
		{9B27EAB1-5761-4E2D-8611-45E94170CC89}.Release|Any CPU.ActiveCfg = Release|Any CPU
		{9B27EAB1-5761-4E2D-8611-45E94170CC89}.Release|Any CPU.Build.0 = Release|Any CPU
	EndGlobalSection
	GlobalSection(SolutionProperties) = preSolution
		HideSolutionNode = FALSE
	EndGlobalSection
	GlobalSection(ExtensibilityGlobals) = postSolution
		SolutionGuid = {9066193B-E843-4CCF-B3C9-F35D324DF94C}
	EndGlobalSection
EndGlobal
