
Microsoft Visual Studio Solution File, Format Version 12.00
# Visual Studio Version 17
VisualStudioVersion = 17.5.33516.290
MinimumVisualStudioVersion = 10.0.40219.1
Project("{9A19103F-16F7-4668-BE54-9A1E7A4F7556}") = "Ejercicio_1", "Ejercicio_1\Ejercicio_1.csproj", "{B8CD2F7F-85A1-42BF-B899-13302D5FDFEC}"
EndProject
Project("{9A19103F-16F7-4668-BE54-9A1E7A4F7556}") = "Ejercicio_2", "Ejercicio_2\Ejercicio_2.csproj", "{6114F22A-A59A-43BA-B4F8-9FD47C1893F9}"
EndProject
Project("{9A19103F-16F7-4668-BE54-9A1E7A4F7556}") = "Ejercicio_3", "Ejercicio_3\Ejercicio_3.csproj", "{AD1763BC-409C-41B7-A359-8FD664263DB7}"
EndProject
Project("{9A19103F-16F7-4668-BE54-9A1E7A4F7556}") = "Ejercicio_4", "Ejercicio_4\Ejercicio_4.csproj", "{8EA6D939-B523-403D-A6AF-BF294F149B13}"
EndProject
Project("{9A19103F-16F7-4668-BE54-9A1E7A4F7556}") = "ClassLibrary", "ClassLibrary\ClassLibrary.csproj", "{A7E2A69C-AA3C-440C-ABAE-E35413402BCC}"
EndProject
Project("{FAE04EC0-301F-11D3-BF4B-00C04F79EFBC}") = "Ejercicio_6", "Ejercicio_6\Ejercicio_6.csproj", "{F61427F8-5510-4B32-9E34-F0696CFC80C6}"
EndProject
Project("{FAE04EC0-301F-11D3-BF4B-00C04F79EFBC}") = "Ejercicio_5", "Ejercicio_5\Ejercicio_5.csproj", "{B86C5C73-4DD9-4016-8A98-BAA1B45D2A96}"
EndProject
Global
	GlobalSection(SolutionConfigurationPlatforms) = preSolution
		Debug|Any CPU = Debug|Any CPU
		Release|Any CPU = Release|Any CPU
	EndGlobalSection
	GlobalSection(ProjectConfigurationPlatforms) = postSolution
		{B8CD2F7F-85A1-42BF-B899-13302D5FDFEC}.Debug|Any CPU.ActiveCfg = Debug|Any CPU
		{B8CD2F7F-85A1-42BF-B899-13302D5FDFEC}.Debug|Any CPU.Build.0 = Debug|Any CPU
		{B8CD2F7F-85A1-42BF-B899-13302D5FDFEC}.Release|Any CPU.ActiveCfg = Release|Any CPU
		{B8CD2F7F-85A1-42BF-B899-13302D5FDFEC}.Release|Any CPU.Build.0 = Release|Any CPU
		{6114F22A-A59A-43BA-B4F8-9FD47C1893F9}.Debug|Any CPU.ActiveCfg = Debug|Any CPU
		{6114F22A-A59A-43BA-B4F8-9FD47C1893F9}.Debug|Any CPU.Build.0 = Debug|Any CPU
		{6114F22A-A59A-43BA-B4F8-9FD47C1893F9}.Release|Any CPU.ActiveCfg = Release|Any CPU
		{6114F22A-A59A-43BA-B4F8-9FD47C1893F9}.Release|Any CPU.Build.0 = Release|Any CPU
		{AD1763BC-409C-41B7-A359-8FD664263DB7}.Debug|Any CPU.ActiveCfg = Debug|Any CPU
		{AD1763BC-409C-41B7-A359-8FD664263DB7}.Debug|Any CPU.Build.0 = Debug|Any CPU
		{AD1763BC-409C-41B7-A359-8FD664263DB7}.Release|Any CPU.ActiveCfg = Release|Any CPU
		{AD1763BC-409C-41B7-A359-8FD664263DB7}.Release|Any CPU.Build.0 = Release|Any CPU
		{8EA6D939-B523-403D-A6AF-BF294F149B13}.Debug|Any CPU.ActiveCfg = Debug|Any CPU
		{8EA6D939-B523-403D-A6AF-BF294F149B13}.Debug|Any CPU.Build.0 = Debug|Any CPU
		{8EA6D939-B523-403D-A6AF-BF294F149B13}.Release|Any CPU.ActiveCfg = Release|Any CPU
		{8EA6D939-B523-403D-A6AF-BF294F149B13}.Release|Any CPU.Build.0 = Release|Any CPU
		{A7E2A69C-AA3C-440C-ABAE-E35413402BCC}.Debug|Any CPU.ActiveCfg = Debug|Any CPU
		{A7E2A69C-AA3C-440C-ABAE-E35413402BCC}.Debug|Any CPU.Build.0 = Debug|Any CPU
		{A7E2A69C-AA3C-440C-ABAE-E35413402BCC}.Release|Any CPU.ActiveCfg = Release|Any CPU
		{A7E2A69C-AA3C-440C-ABAE-E35413402BCC}.Release|Any CPU.Build.0 = Release|Any CPU
		{F61427F8-5510-4B32-9E34-F0696CFC80C6}.Debug|Any CPU.ActiveCfg = Debug|Any CPU
		{F61427F8-5510-4B32-9E34-F0696CFC80C6}.Debug|Any CPU.Build.0 = Debug|Any CPU
		{F61427F8-5510-4B32-9E34-F0696CFC80C6}.Release|Any CPU.ActiveCfg = Release|Any CPU
		{F61427F8-5510-4B32-9E34-F0696CFC80C6}.Release|Any CPU.Build.0 = Release|Any CPU
		{B86C5C73-4DD9-4016-8A98-BAA1B45D2A96}.Debug|Any CPU.ActiveCfg = Debug|Any CPU
		{B86C5C73-4DD9-4016-8A98-BAA1B45D2A96}.Debug|Any CPU.Build.0 = Debug|Any CPU
		{B86C5C73-4DD9-4016-8A98-BAA1B45D2A96}.Release|Any CPU.ActiveCfg = Release|Any CPU
		{B86C5C73-4DD9-4016-8A98-BAA1B45D2A96}.Release|Any CPU.Build.0 = Release|Any CPU
	EndGlobalSection
	GlobalSection(SolutionProperties) = preSolution
		HideSolutionNode = FALSE
	EndGlobalSection
	GlobalSection(ExtensibilityGlobals) = postSolution
		SolutionGuid = {D95D40F8-432B-4D46-AFAC-1A74F5111F09}
	EndGlobalSection
EndGlobal
